// !$*UTF8*$!
{
	archiveVersion = 1;
	classes = {
	};
	objectVersion = 55;
	objects = {

/* Begin PBXBuildFile section */
		A208463E2887609900165751 /* AppDelegate.swift in Sources */ = {isa = PBXBuildFile; fileRef = A208463D2887609900165751 /* AppDelegate.swift */; };
		A20846402887609900165751 /* SceneDelegate.swift in Sources */ = {isa = PBXBuildFile; fileRef = A208463F2887609900165751 /* SceneDelegate.swift */; };
		A20846422887609900165751 /* ViewController.swift in Sources */ = {isa = PBXBuildFile; fileRef = A20846412887609900165751 /* ViewController.swift */; };
		A20846452887609900165751 /* Main.storyboard in Resources */ = {isa = PBXBuildFile; fileRef = A20846432887609900165751 /* Main.storyboard */; };
		A20846472887609B00165751 /* Assets.xcassets in Resources */ = {isa = PBXBuildFile; fileRef = A20846462887609B00165751 /* Assets.xcassets */; };
		A208464A2887609B00165751 /* LaunchScreen.storyboard in Resources */ = {isa = PBXBuildFile; fileRef = A20846482887609B00165751 /* LaunchScreen.storyboard */; };
		A20846552887609B00165751 /* calculaterTests.swift in Sources */ = {isa = PBXBuildFile; fileRef = A20846542887609B00165751 /* calculaterTests.swift */; };
		A208465F2887609B00165751 /* calculaterUITests.swift in Sources */ = {isa = PBXBuildFile; fileRef = A208465E2887609B00165751 /* calculaterUITests.swift */; };
		A20846612887609B00165751 /* calculaterUITestsLaunchTests.swift in Sources */ = {isa = PBXBuildFile; fileRef = A20846602887609B00165751 /* calculaterUITestsLaunchTests.swift */; };
/* End PBXBuildFile section */

/* Begin PBXContainerItemProxy section */
		A20846512887609B00165751 /* PBXContainerItemProxy */ = {
			isa = PBXContainerItemProxy;
			containerPortal = A20846322887609900165751 /* Project object */;
			proxyType = 1;
			remoteGlobalIDString = A20846392887609900165751;
			remoteInfo = calculater;
		};
		A208465B2887609B00165751 /* PBXContainerItemProxy */ = {
			isa = PBXContainerItemProxy;
			containerPortal = A20846322887609900165751 /* Project object */;
			proxyType = 1;
			remoteGlobalIDString = A20846392887609900165751;
			remoteInfo = calculater;
		};
/* End PBXContainerItemProxy section */

/* Begin PBXFileReference section */
		A208463A2887609900165751 /* calculater.app */ = {isa = PBXFileReference; explicitFileType = wrapper.application; includeInIndex = 0; path = calculater.app; sourceTree = BUILT_PRODUCTS_DIR; };
		A208463D2887609900165751 /* AppDelegate.swift */ = {isa = PBXFileReference; lastKnownFileType = sourcecode.swift; path = AppDelegate.swift; sourceTree = "<group>"; };
		A208463F2887609900165751 /* SceneDelegate.swift */ = {isa = PBXFileReference; lastKnownFileType = sourcecode.swift; path = SceneDelegate.swift; sourceTree = "<group>"; };
		A20846412887609900165751 /* ViewController.swift */ = {isa = PBXFileReference; lastKnownFileType = sourcecode.swift; path = ViewController.swift; sourceTree = "<group>"; };
		A20846442887609900165751 /* Base */ = {isa = PBXFileReference; lastKnownFileType = file.storyboard; name = Base; path = Base.lproj/Main.storyboard; sourceTree = "<group>"; };
		A20846462887609B00165751 /* Assets.xcassets */ = {isa = PBXFileReference; lastKnownFileType = folder.assetcatalog; path = Assets.xcassets; sourceTree = "<group>"; };
		A20846492887609B00165751 /* Base */ = {isa = PBXFileReference; lastKnownFileType = file.storyboard; name = Base; path = Base.lproj/LaunchScreen.storyboard; sourceTree = "<group>"; };
		A208464B2887609B00165751 /* Info.plist */ = {isa = PBXFileReference; lastKnownFileType = text.plist.xml; path = Info.plist; sourceTree = "<group>"; };
		A20846502887609B00165751 /* calculaterTests.xctest */ = {isa = PBXFileReference; explicitFileType = wrapper.cfbundle; includeInIndex = 0; path = calculaterTests.xctest; sourceTree = BUILT_PRODUCTS_DIR; };
		A20846542887609B00165751 /* calculaterTests.swift */ = {isa = PBXFileReference; lastKnownFileType = sourcecode.swift; path = calculaterTests.swift; sourceTree = "<group>"; };
		A208465A2887609B00165751 /* calculaterUITests.xctest */ = {isa = PBXFileReference; explicitFileType = wrapper.cfbundle; includeInIndex = 0; path = calculaterUITests.xctest; sourceTree = BUILT_PRODUCTS_DIR; };
		A208465E2887609B00165751 /* calculaterUITests.swift */ = {isa = PBXFileReference; lastKnownFileType = sourcecode.swift; path = calculaterUITests.swift; sourceTree = "<group>"; };
		A20846602887609B00165751 /* calculaterUITestsLaunchTests.swift */ = {isa = PBXFileReference; lastKnownFileType = sourcecode.swift; path = calculaterUITestsLaunchTests.swift; sourceTree = "<group>"; };
/* End PBXFileReference section */

/* Begin PBXFrameworksBuildPhase section */
		A20846372887609900165751 /* Frameworks */ = {
			isa = PBXFrameworksBuildPhase;
			buildActionMask = 2147483647;
			files = (
			);
			runOnlyForDeploymentPostprocessing = 0;
		};
		A208464D2887609B00165751 /* Frameworks */ = {
			isa = PBXFrameworksBuildPhase;
			buildActionMask = 2147483647;
			files = (
			);
			runOnlyForDeploymentPostprocessing = 0;
		};
		A20846572887609B00165751 /* Frameworks */ = {
			isa = PBXFrameworksBuildPhase;
			buildActionMask = 2147483647;
			files = (
			);
			runOnlyForDeploymentPostprocessing = 0;
		};
/* End PBXFrameworksBuildPhase section */

/* Begin PBXGroup section */
		A20846312887609900165751 = {
			isa = PBXGroup;
			children = (
				A208463C2887609900165751 /* calculater */,
				A20846532887609B00165751 /* calculaterTests */,
				A208465D2887609B00165751 /* calculaterUITests */,
				A208463B2887609900165751 /* Products */,
			);
			sourceTree = "<group>";
		};
		A208463B2887609900165751 /* Products */ = {
			isa = PBXGroup;
			children = (
				A208463A2887609900165751 /* calculater.app */,
				A20846502887609B00165751 /* calculaterTests.xctest */,
				A208465A2887609B00165751 /* calculaterUITests.xctest */,
			);
			name = Products;
			sourceTree = "<group>";
		};
		A208463C2887609900165751 /* calculater */ = {
			isa = PBXGroup;
			children = (
				A208463D2887609900165751 /* AppDelegate.swift */,
				A208463F2887609900165751 /* SceneDelegate.swift */,
				A20846412887609900165751 /* ViewController.swift */,
				A20846432887609900165751 /* Main.storyboard */,
				A20846462887609B00165751 /* Assets.xcassets */,
				A20846482887609B00165751 /* LaunchScreen.storyboard */,
				A208464B2887609B00165751 /* Info.plist */,
			);
			path = calculater;
			sourceTree = "<group>";
		};
		A20846532887609B00165751 /* calculaterTests */ = {
			isa = PBXGroup;
			children = (
				A20846542887609B00165751 /* calculaterTests.swift */,
			);
			path = calculaterTests;
			sourceTree = "<group>";
		};
		A208465D2887609B00165751 /* calculaterUITests */ = {
			isa = PBXGroup;
			children = (
				A208465E2887609B00165751 /* calculaterUITests.swift */,
				A20846602887609B00165751 /* calculaterUITestsLaunchTests.swift */,
			);
			path = calculaterUITests;
			sourceTree = "<group>";
		};
/* End PBXGroup section */

/* Begin PBXNativeTarget section */
		A20846392887609900165751 /* calculater */ = {
			isa = PBXNativeTarget;
			buildConfigurationList = A20846642887609B00165751 /* Build configuration list for PBXNativeTarget "calculater" */;
			buildPhases = (
				A20846362887609900165751 /* Sources */,
				A20846372887609900165751 /* Frameworks */,
				A20846382887609900165751 /* Resources */,
			);
			buildRules = (
			);
			dependencies = (
			);
			name = calculater;
			productName = calculater;
			productReference = A208463A2887609900165751 /* calculater.app */;
			productType = "com.apple.product-type.application";
		};
		A208464F2887609B00165751 /* calculaterTests */ = {
			isa = PBXNativeTarget;
			buildConfigurationList = A20846672887609B00165751 /* Build configuration list for PBXNativeTarget "calculaterTests" */;
			buildPhases = (
				A208464C2887609B00165751 /* Sources */,
				A208464D2887609B00165751 /* Frameworks */,
				A208464E2887609B00165751 /* Resources */,
			);
			buildRules = (
			);
			dependencies = (
				A20846522887609B00165751 /* PBXTargetDependency */,
			);
			name = calculaterTests;
			productName = calculaterTests;
			productReference = A20846502887609B00165751 /* calculaterTests.xctest */;
			productType = "com.apple.product-type.bundle.unit-test";
		};
		A20846592887609B00165751 /* calculaterUITests */ = {
			isa = PBXNativeTarget;
			buildConfigurationList = A208466A2887609B00165751 /* Build configuration list for PBXNativeTarget "calculaterUITests" */;
			buildPhases = (
				A20846562887609B00165751 /* Sources */,
				A20846572887609B00165751 /* Frameworks */,
				A20846582887609B00165751 /* Resources */,
			);
			buildRules = (
			);
			dependencies = (
				A208465C2887609B00165751 /* PBXTargetDependency */,
			);
			name = calculaterUITests;
			productName = calculaterUITests;
			productReference = A208465A2887609B00165751 /* calculaterUITests.xctest */;
			productType = "com.apple.product-type.bundle.ui-testing";
		};
/* End PBXNativeTarget section */

/* Begin PBXProject section */
		A20846322887609900165751 /* Project object */ = {
			isa = PBXProject;
			attributes = {
				BuildIndependentTargetsInParallel = 1;
				LastSwiftUpdateCheck = 1340;
				LastUpgradeCheck = 1340;
				TargetAttributes = {
					A20846392887609900165751 = {
						CreatedOnToolsVersion = 13.4.1;
					};
					A208464F2887609B00165751 = {
						CreatedOnToolsVersion = 13.4.1;
						TestTargetID = A20846392887609900165751;
					};
					A20846592887609B00165751 = {
						CreatedOnToolsVersion = 13.4.1;
						TestTargetID = A20846392887609900165751;
					};
				};
			};
			buildConfigurationList = A20846352887609900165751 /* Build configuration list for PBXProject "calculater" */;
			compatibilityVersion = "Xcode 13.0";
			developmentRegion = en;
			hasScannedForEncodings = 0;
			knownRegions = (
				en,
				Base,
			);
			mainGroup = A20846312887609900165751;
			productRefGroup = A208463B2887609900165751 /* Products */;
			projectDirPath = "";
			projectRoot = "";
			targets = (
				A20846392887609900165751 /* calculater */,
				A208464F2887609B00165751 /* calculaterTests */,
				A20846592887609B00165751 /* calculaterUITests */,
			);
		};
/* End PBXProject section */

/* Begin PBXResourcesBuildPhase section */
		A20846382887609900165751 /* Resources */ = {
			isa = PBXResourcesBuildPhase;
			buildActionMask = 2147483647;
			files = (
				A208464A2887609B00165751 /* LaunchScreen.storyboard in Resources */,
				A20846472887609B00165751 /* Assets.xcassets in Resources */,
				A20846452887609900165751 /* Main.storyboard in Resources */,
			);
			runOnlyForDeploymentPostprocessing = 0;
		};
		A208464E2887609B00165751 /* Resources */ = {
			isa = PBXResourcesBuildPhase;
			buildActionMask = 2147483647;
			files = (
			);
			runOnlyForDeploymentPostprocessing = 0;
		};
		A20846582887609B00165751 /* Resources */ = {
			isa = PBXResourcesBuildPhase;
			buildActionMask = 2147483647;
			files = (
			);
			runOnlyForDeploymentPostprocessing = 0;
		};
/* End PBXResourcesBuildPhase section */

/* Begin PBXSourcesBuildPhase section */
		A20846362887609900165751 /* Sources */ = {
			isa = PBXSourcesBuildPhase;
			buildActionMask = 2147483647;
			files = (
				A20846422887609900165751 /* ViewController.swift in Sources */,
				A208463E2887609900165751 /* AppDelegate.swift in Sources */,
				A20846402887609900165751 /* SceneDelegate.swift in Sources */,
			);
			runOnlyForDeploymentPostprocessing = 0;
		};
		A208464C2887609B00165751 /* Sources */ = {
			isa = PBXSourcesBuildPhase;
			buildActionMask = 2147483647;
			files = (
				A20846552887609B00165751 /* calculaterTests.swift in Sources */,
			);
			runOnlyForDeploymentPostprocessing = 0;
		};
		A20846562887609B00165751 /* Sources */ = {
			isa = PBXSourcesBuildPhase;
			buildActionMask = 2147483647;
			files = (
				A20846612887609B00165751 /* calculaterUITestsLaunchTests.swift in Sources */,
				A208465F2887609B00165751 /* calculaterUITests.swift in Sources */,
			);
			runOnlyForDeploymentPostprocessing = 0;
		};
/* End PBXSourcesBuildPhase section */

/* Begin PBXTargetDependency section */
		A20846522887609B00165751 /* PBXTargetDependency */ = {
			isa = PBXTargetDependency;
			target = A20846392887609900165751 /* calculater */;
			targetProxy = A20846512887609B00165751 /* PBXContainerItemProxy */;
		};
		A208465C2887609B00165751 /* PBXTargetDependency */ = {
			isa = PBXTargetDependency;
			target = A20846392887609900165751 /* calculater */;
			targetProxy = A208465B2887609B00165751 /* PBXContainerItemProxy */;
		};
/* End PBXTargetDependency section */

/* Begin PBXVariantGroup section */
		A20846432887609900165751 /* Main.storyboard */ = {
			isa = PBXVariantGroup;
			children = (
				A20846442887609900165751 /* Base */,
			);
			name = Main.storyboard;
			sourceTree = "<group>";
		};
		A20846482887609B00165751 /* LaunchScreen.storyboard */ = {
			isa = PBXVariantGroup;
			children = (
				A20846492887609B00165751 /* Base */,
			);
			name = LaunchScreen.storyboard;
			sourceTree = "<group>";
		};
/* End PBXVariantGroup section */

/* Begin XCBuildConfiguration section */
		A20846622887609B00165751 /* Debug */ = {
			isa = XCBuildConfiguration;
			buildSettings = {
				ALWAYS_SEARCH_USER_PATHS = NO;
				CLANG_ANALYZER_NONNULL = YES;
				CLANG_ANALYZER_NUMBER_OBJECT_CONVERSION = YES_AGGRESSIVE;
				CLANG_CXX_LANGUAGE_STANDARD = "gnu++17";
				CLANG_ENABLE_MODULES = YES;
				CLANG_ENABLE_OBJC_ARC = YES;
				CLANG_ENABLE_OBJC_WEAK = YES;
				CLANG_WARN_BLOCK_CAPTURE_AUTORELEASING = YES;
				CLANG_WARN_BOOL_CONVERSION = YES;
				CLANG_WARN_COMMA = YES;
				CLANG_WARN_CONSTANT_CONVERSION = YES;
				CLANG_WARN_DEPRECATED_OBJC_IMPLEMENTATIONS = YES;
				CLANG_WARN_DIRECT_OBJC_ISA_USAGE = YES_ERROR;
				CLANG_WARN_DOCUMENTATION_COMMENTS = YES;
				CLANG_WARN_EMPTY_BODY = YES;
				CLANG_WARN_ENUM_CONVERSION = YES;
				CLANG_WARN_INFINITE_RECURSION = YES;
				CLANG_WARN_INT_CONVERSION = YES;
				CLANG_WARN_NON_LITERAL_NULL_CONVERSION = YES;
				CLANG_WARN_OBJC_IMPLICIT_RETAIN_SELF = YES;
				CLANG_WARN_OBJC_LITERAL_CONVERSION = YES;
				CLANG_WARN_OBJC_ROOT_CLASS = YES_ERROR;
				CLANG_WARN_QUOTED_INCLUDE_IN_FRAMEWORK_HEADER = YES;
				CLANG_WARN_RANGE_LOOP_ANALYSIS = YES;
				CLANG_WARN_STRICT_PROTOTYPES = YES;
				CLANG_WARN_SUSPICIOUS_MOVE = YES;
				CLANG_WARN_UNGUARDED_AVAILABILITY = YES_AGGRESSIVE;
				CLANG_WARN_UNREACHABLE_CODE = YES;
				CLANG_WARN__DUPLICATE_METHOD_MATCH = YES;
				COPY_PHASE_STRIP = NO;
				DEBUG_INFORMATION_FORMAT = dwarf;
				ENABLE_STRICT_OBJC_MSGSEND = YES;
				ENABLE_TESTABILITY = YES;
				GCC_C_LANGUAGE_STANDARD = gnu11;
				GCC_DYNAMIC_NO_PIC = NO;
				GCC_NO_COMMON_BLOCKS = YES;
				GCC_OPTIMIZATION_LEVEL = 0;
				GCC_PREPROCESSOR_DEFINITIONS = (
					"DEBUG=1",
					"$(inherited)",
				);
				GCC_WARN_64_TO_32_BIT_CONVERSION = YES;
				GCC_WARN_ABOUT_RETURN_TYPE = YES_ERROR;
				GCC_WARN_UNDECLARED_SELECTOR = YES;
				GCC_WARN_UNINITIALIZED_AUTOS = YES_AGGRESSIVE;
				GCC_WARN_UNUSED_FUNCTION = YES;
				GCC_WARN_UNUSED_VARIABLE = YES;
				IPHONEOS_DEPLOYMENT_TARGET = 15.5;
				MTL_ENABLE_DEBUG_INFO = INCLUDE_SOURCE;
				MTL_FAST_MATH = YES;
				ONLY_ACTIVE_ARCH = YES;
				SDKROOT = iphoneos;
				SWIFT_ACTIVE_COMPILATION_CONDITIONS = DEBUG;
				SWIFT_OPTIMIZATION_LEVEL = "-Onone";
			};
			name = Debug;
		};
		A20846632887609B00165751 /* Release */ = {
			isa = XCBuildConfiguration;
			buildSettings = {
				ALWAYS_SEARCH_USER_PATHS = NO;
				CLANG_ANALYZER_NONNULL = YES;
				CLANG_ANALYZER_NUMBER_OBJECT_CONVERSION = YES_AGGRESSIVE;
				CLANG_CXX_LANGUAGE_STANDARD = "gnu++17";
				CLANG_ENABLE_MODULES = YES;
				CLANG_ENABLE_OBJC_ARC = YES;
				CLANG_ENABLE_OBJC_WEAK = YES;
				CLANG_WARN_BLOCK_CAPTURE_AUTORELEASING = YES;
				CLANG_WARN_BOOL_CONVERSION = YES;
				CLANG_WARN_COMMA = YES;
				CLANG_WARN_CONSTANT_CONVERSION = YES;
				CLANG_WARN_DEPRECATED_OBJC_IMPLEMENTATIONS = YES;
				CLANG_WARN_DIRECT_OBJC_ISA_USAGE = YES_ERROR;
				CLANG_WARN_DOCUMENTATION_COMMENTS = YES;
				CLANG_WARN_EMPTY_BODY = YES;
				CLANG_WARN_ENUM_CONVERSION = YES;
				CLANG_WARN_INFINITE_RECURSION = YES;
				CLANG_WARN_INT_CONVERSION = YES;
				CLANG_WARN_NON_LITERAL_NULL_CONVERSION = YES;
				CLANG_WARN_OBJC_IMPLICIT_RETAIN_SELF = YES;
				CLANG_WARN_OBJC_LITERAL_CONVERSION = YES;
				CLANG_WARN_OBJC_ROOT_CLASS = YES_ERROR;
				CLANG_WARN_QUOTED_INCLUDE_IN_FRAMEWORK_HEADER = YES;
				CLANG_WARN_RANGE_LOOP_ANALYSIS = YES;
				CLANG_WARN_STRICT_PROTOTYPES = YES;
				CLANG_WARN_SUSPICIOUS_MOVE = YES;
				CLANG_WARN_UNGUARDED_AVAILABILITY = YES_AGGRESSIVE;
				CLANG_WARN_UNREACHABLE_CODE = YES;
				CLANG_WARN__DUPLICATE_METHOD_MATCH = YES;
				COPY_PHASE_STRIP = NO;
				DEBUG_INFORMATION_FORMAT = "dwarf-with-dsym";
				ENABLE_NS_ASSERTIONS = NO;
				ENABLE_STRICT_OBJC_MSGSEND = YES;
				GCC_C_LANGUAGE_STANDARD = gnu11;
				GCC_NO_COMMON_BLOCKS = YES;
				GCC_WARN_64_TO_32_BIT_CONVERSION = YES;
				GCC_WARN_ABOUT_RETURN_TYPE = YES_ERROR;
				GCC_WARN_UNDECLARED_SELECTOR = YES;
				GCC_WARN_UNINITIALIZED_AUTOS = YES_AGGRESSIVE;
				GCC_WARN_UNUSED_FUNCTION = YES;
				GCC_WARN_UNUSED_VARIABLE = YES;
				IPHONEOS_DEPLOYMENT_TARGET = 15.5;
				MTL_ENABLE_DEBUG_INFO = NO;
				MTL_FAST_MATH = YES;
				SDKROOT = iphoneos;
				SWIFT_COMPILATION_MODE = wholemodule;
				SWIFT_OPTIMIZATION_LEVEL = "-O";
				VALIDATE_PRODUCT = YES;
			};
			name = Release;
		};
		A20846652887609B00165751 /* Debug */ = {
			isa = XCBuildConfiguration;
			buildSettings = {
				ASSETCATALOG_COMPILER_APPICON_NAME = AppIcon;
				ASSETCATALOG_COMPILER_GLOBAL_ACCENT_COLOR_NAME = AccentColor;
				CODE_SIGN_STYLE = Automatic;
				CURRENT_PROJECT_VERSION = 1;
				DEVELOPMENT_TEAM = 5W6RSR23V7;
				GENERATE_INFOPLIST_FILE = YES;
				INFOPLIST_FILE = calculater/Info.plist;
				INFOPLIST_KEY_UIApplicationSupportsIndirectInputEvents = YES;
				INFOPLIST_KEY_UILaunchStoryboardName = LaunchScreen;
				INFOPLIST_KEY_UIMainStoryboardFile = Main;
				INFOPLIST_KEY_UISupportedInterfaceOrientations_iPad = "UIInterfaceOrientationPortrait UIInterfaceOrientationPortraitUpsideDown UIInterfaceOrientationLandscapeLeft UIInterfaceOrientationLandscapeRight";
				INFOPLIST_KEY_UISupportedInterfaceOrientations_iPhone = "UIInterfaceOrientationPortrait UIInterfaceOrientationLandscapeLeft UIInterfaceOrientationLandscapeRight";
				LD_RUNPATH_SEARCH_PATHS = (
					"$(inherited)",
					"@executable_path/Frameworks",
				);
				MARKETING_VERSION = 1.0;
				PRODUCT_BUNDLE_IDENTIFIER = com.alperenkavuk.calculater;
				PRODUCT_NAME = "$(TARGET_NAME)";
				SWIFT_EMIT_LOC_STRINGS = YES;
				SWIFT_VERSION = 5.0;
				TARGETED_DEVICE_FAMILY = "1,2";
			};
			name = Debug;
		};
		A20846662887609B00165751 /* Release */ = {
			isa = XCBuildConfiguration;
			buildSettings = {
				ASSETCATALOG_COMPILER_APPICON_NAME = AppIcon;
				ASSETCATALOG_COMPILER_GLOBAL_ACCENT_COLOR_NAME = AccentColor;
				CODE_SIGN_STYLE = Automatic;
				CURRENT_PROJECT_VERSION = 1;
				DEVELOPMENT_TEAM = 5W6RSR23V7;
				GENERATE_INFOPLIST_FILE = YES;
				INFOPLIST_FILE = calculater/Info.plist;
				INFOPLIST_KEY_UIApplicationSupportsIndirectInputEvents = YES;
				INFOPLIST_KEY_UILaunchStoryboardName = LaunchScreen;
				INFOPLIST_KEY_UIMainStoryboardFile = Main;
				INFOPLIST_KEY_UISupportedInterfaceOrientations_iPad = "UIInterfaceOrientationPortrait UIInterfaceOrientationPortraitUpsideDown UIInterfaceOrientationLandscapeLeft UIInterfaceOrientationLandscapeRight";
				INFOPLIST_KEY_UISupportedInterfaceOrientations_iPhone = "UIInterfaceOrientationPortrait UIInterfaceOrientationLandscapeLeft UIInterfaceOrientationLandscapeRight";
				LD_RUNPATH_SEARCH_PATHS = (
					"$(inherited)",
					"@executable_path/Frameworks",
				);
				MARKETING_VERSION = 1.0;
				PRODUCT_BUNDLE_IDENTIFIER = com.alperenkavuk.calculater;
				PRODUCT_NAME = "$(TARGET_NAME)";
				SWIFT_EMIT_LOC_STRINGS = YES;
				SWIFT_VERSION = 5.0;
				TARGETED_DEVICE_FAMILY = "1,2";
			};
			name = Release;
		};
		A20846682887609B00165751 /* Debug */ = {
			isa = XCBuildConfiguration;
			buildSettings = {
				ALWAYS_EMBED_SWIFT_STANDARD_LIBRARIES = YES;
				BUNDLE_LOADER = "$(TEST_HOST)";
				CODE_SIGN_STYLE = Automatic;
				CURRENT_PROJECT_VERSION = 1;
				DEVELOPMENT_TEAM = 5W6RSR23V7;
				GENERATE_INFOPLIST_FILE = YES;
				IPHONEOS_DEPLOYMENT_TARGET = 15.5;
				MARKETING_VERSION = 1.0;
				PRODUCT_BUNDLE_IDENTIFIER = com.alperenkavuk.calculaterTests;
				PRODUCT_NAME = "$(TARGET_NAME)";
				SWIFT_EMIT_LOC_STRINGS = NO;
				SWIFT_VERSION = 5.0;
				TARGETED_DEVICE_FAMILY = "1,2";
				TEST_HOST = "$(BUILT_PRODUCTS_DIR)/calculater.app/calculater";
			};
			name = Debug;
		};
		A20846692887609B00165751 /* Release */ = {
			isa = XCBuildConfiguration;
			buildSettings = {
				ALWAYS_EMBED_SWIFT_STANDARD_LIBRARIES = YES;
				BUNDLE_LOADER = "$(TEST_HOST)";
				CODE_SIGN_STYLE = Automatic;
				CURRENT_PROJECT_VERSION = 1;
				DEVELOPMENT_TEAM = 5W6RSR23V7;
				GENERATE_INFOPLIST_FILE = YES;
				IPHONEOS_DEPLOYMENT_TARGET = 15.5;
				MARKETING_VERSION = 1.0;
				PRODUCT_BUNDLE_IDENTIFIER = com.alperenkavuk.calculaterTests;
				PRODUCT_NAME = "$(TARGET_NAME)";
				SWIFT_EMIT_LOC_STRINGS = NO;
				SWIFT_VERSION = 5.0;
				TARGETED_DEVICE_FAMILY = "1,2";
				TEST_HOST = "$(BUILT_PRODUCTS_DIR)/calculater.app/calculater";
			};
			name = Release;
		};
		A208466B2887609B00165751 /* Debug */ = {
			isa = XCBuildConfiguration;
			buildSettings = {
				ALWAYS_EMBED_SWIFT_STANDARD_LIBRARIES = YES;
				CODE_SIGN_STYLE = Automatic;
				CURRENT_PROJECT_VERSION = 1;
				DEVELOPMENT_TEAM = 5W6RSR23V7;
				GENERATE_INFOPLIST_FILE = YES;
				MARKETING_VERSION = 1.0;
				PRODUCT_BUNDLE_IDENTIFIER = com.alperenkavuk.calculaterUITests;
				PRODUCT_NAME = "$(TARGET_NAME)";
				SWIFT_EMIT_LOC_STRINGS = NO;
				SWIFT_VERSION = 5.0;
				TARGETED_DEVICE_FAMILY = "1,2";
				TEST_TARGET_NAME = calculater;
			};
			name = Debug;
		};
		A208466C2887609B00165751 /* Release */ = {
			isa = XCBuildConfiguration;
			buildSettings = {
				ALWAYS_EMBED_SWIFT_STANDARD_LIBRARIES = YES;
				CODE_SIGN_STYLE = Automatic;
				CURRENT_PROJECT_VERSION = 1;
				DEVELOPMENT_TEAM = 5W6RSR23V7;
				GENERATE_INFOPLIST_FILE = YES;
				MARKETING_VERSION = 1.0;
				PRODUCT_BUNDLE_IDENTIFIER = com.alperenkavuk.calculaterUITests;
				PRODUCT_NAME = "$(TARGET_NAME)";
				SWIFT_EMIT_LOC_STRINGS = NO;
				SWIFT_VERSION = 5.0;
				TARGETED_DEVICE_FAMILY = "1,2";
				TEST_TARGET_NAME = calculater;
			};
			name = Release;
		};
/* End XCBuildConfiguration section */

/* Begin XCConfigurationList section */
		A20846352887609900165751 /* Build configuration list for PBXProject "calculater" */ = {
			isa = XCConfigurationList;
			buildConfigurations = (
				A20846622887609B00165751 /* Debug */,
				A20846632887609B00165751 /* Release */,
			);
			defaultConfigurationIsVisible = 0;
			defaultConfigurationName = Release;
		};
		A20846642887609B00165751 /* Build configuration list for PBXNativeTarget "calculater" */ = {
			isa = XCConfigurationList;
			buildConfigurations = (
				A20846652887609B00165751 /* Debug */,
				A20846662887609B00165751 /* Release */,
			);
			defaultConfigurationIsVisible = 0;
			defaultConfigurationName = Release;
		};
		A20846672887609B00165751 /* Build configuration list for PBXNativeTarget "calculaterTests" */ = {
			isa = XCConfigurationList;
			buildConfigurations = (
				A20846682887609B00165751 /* Debug */,
				A20846692887609B00165751 /* Release */,
			);
			defaultConfigurationIsVisible = 0;
			defaultConfigurationName = Release;
		};
		A208466A2887609B00165751 /* Build configuration list for PBXNativeTarget "calculaterUITests" */ = {
			isa = XCConfigurationList;
			buildConfigurations = (
				A208466B2887609B00165751 /* Debug */,
				A208466C2887609B00165751 /* Release */,
			);
			defaultConfigurationIsVisible = 0;
			defaultConfigurationName = Release;
		};
/* End XCConfigurationList section */
	};
	rootObject = A20846322887609900165751 /* Project object */;
}
